{
  "name": "kitty-ui-hs",
  "version": "1.0.3",
  "lockfileVersion": 2,
  "requires": true,
  "packages": {
    "": {
      "name": "kitty-ui-hs",
      "version": "1.0.3",
      "license": "MIT",
      "devDependencies": {
        "@hs312720804/kitty-ui-hs-utils": "^1.0.0"
      }
    },
    "node_modules/@hs312720804/kitty-ui-hs-utils": {
      "version": "1.0.0",
      "resolved": "https://registry.npmjs.org/@hs312720804/kitty-ui-hs-utils/-/kitty-ui-hs-utils-1.0.0.tgz",
      "integrity": "sha512-4kvJjU9UGaGJnDzFxHhksg9w2FOPNKiLe7Idfcn93UKZvbKGxJxfhHoF2Og9cf+cgy0jDkVF3NrtkBRc0Qh3tQ==",
      "dev": true
    }
  },
  "dependencies": {
    "@hs312720804/kitty-ui-hs-utils": {
      "version": "1.0.0",
      "resolved": "https://registry.npmjs.org/@hs312720804/kitty-ui-hs-utils/-/kitty-ui-hs-utils-1.0.0.tgz",
      "integrity": "sha512-4kvJjU9UGaGJnDzFxHhksg9w2FOPNKiLe7Idfcn93UKZvbKGxJxfhHoF2Og9cf+cgy0jDkVF3NrtkBRc0Qh3tQ==",
      "dev": true
    }
  }
}
